
Microsoft Visual Studio Solution File, Format Version 12.00
Project("{FAE04EC0-301F-11D3-BF4B-00C04F79EFBC}") = "SMB.API", "SMB.API\SMB.API.csproj", "{3CF6CACB-A14E-4F41-8F1D-4A83C514886D}"
EndProject
Project("{FAE04EC0-301F-11D3-BF4B-00C04F79EFBC}") = "SMB.APPLICATION", "SMB.APPLICATION\SMB.APPLICATION.csproj", "{062A2947-4895-477D-8E33-9B8D84290CA0}"
EndProject
Project("{FAE04EC0-301F-11D3-BF4B-00C04F79EFBC}") = "SMB.INFRASTRUCTURE", "SMB.INFRASTRUCTURE\SMB.INFRASTRUCTURE.csproj", "{93D5FB53-73D9-4570-9670-E1E5A91E3658}"
EndProject
Project("{FAE04EC0-301F-11D3-BF4B-00C04F79EFBC}") = "SMB.DOMAIN", "SMB.DOMAIN\SMB.DOMAIN.csproj", "{93EAA001-53AD-425B-BFC7-E536F3621883}"
EndProject
Global
	GlobalSection(SolutionConfigurationPlatforms) = preSolution
		Debug|Any CPU = Debug|Any CPU
		Release|Any CPU = Release|Any CPU
	EndGlobalSection
	GlobalSection(ProjectConfigurationPlatforms) = postSolution
		{3CF6CACB-A14E-4F41-8F1D-4A83C514886D}.Debug|Any CPU.ActiveCfg = Debug|Any CPU
		{3CF6CACB-A14E-4F41-8F1D-4A83C514886D}.Debug|Any CPU.Build.0 = Debug|Any CPU
		{3CF6CACB-A14E-4F41-8F1D-4A83C514886D}.Release|Any CPU.ActiveCfg = Release|Any CPU
		{3CF6CACB-A14E-4F41-8F1D-4A83C514886D}.Release|Any CPU.Build.0 = Release|Any CPU
		{062A2947-4895-477D-8E33-9B8D84290CA0}.Debug|Any CPU.ActiveCfg = Debug|Any CPU
		{062A2947-4895-477D-8E33-9B8D84290CA0}.Debug|Any CPU.Build.0 = Debug|Any CPU
		{062A2947-4895-477D-8E33-9B8D84290CA0}.Release|Any CPU.ActiveCfg = Release|Any CPU
		{062A2947-4895-477D-8E33-9B8D84290CA0}.Release|Any CPU.Build.0 = Release|Any CPU
		{93D5FB53-73D9-4570-9670-E1E5A91E3658}.Debug|Any CPU.ActiveCfg = Debug|Any CPU
		{93D5FB53-73D9-4570-9670-E1E5A91E3658}.Debug|Any CPU.Build.0 = Debug|Any CPU
		{93D5FB53-73D9-4570-9670-E1E5A91E3658}.Release|Any CPU.ActiveCfg = Release|Any CPU
		{93D5FB53-73D9-4570-9670-E1E5A91E3658}.Release|Any CPU.Build.0 = Release|Any CPU
		{93EAA001-53AD-425B-BFC7-E536F3621883}.Debug|Any CPU.ActiveCfg = Debug|Any CPU
		{93EAA001-53AD-425B-BFC7-E536F3621883}.Debug|Any CPU.Build.0 = Debug|Any CPU
		{93EAA001-53AD-425B-BFC7-E536F3621883}.Release|Any CPU.ActiveCfg = Release|Any CPU
		{93EAA001-53AD-425B-BFC7-E536F3621883}.Release|Any CPU.Build.0 = Release|Any CPU
	EndGlobalSection
EndGlobal
